
Microsoft Visual Studio Solution File, Format Version 12.00
# Visual Studio Version 16
VisualStudioVersion = 16.0.30406.217
MinimumVisualStudioVersion = 10.0.40219.1
Project("{FAE04EC0-301F-11D3-BF4B-00C04F79EFBC}") = "LoadDataToMySQL", "LoadDataToMySQL\LoadDataToMySQL.csproj", "{84B11927-A87E-4F6C-B175-F2B0D33061BE}"
EndProject
Global
	GlobalSection(SolutionConfigurationPlatforms) = preSolution
		Debug|Any CPU = Debug|Any CPU
		Release|Any CPU = Release|Any CPU
	EndGlobalSection
	GlobalSection(ProjectConfigurationPlatforms) = postSolution
		{84B11927-A87E-4F6C-B175-F2B0D33061BE}.Debug|Any CPU.ActiveCfg = Debug|Any CPU
		{84B11927-A87E-4F6C-B175-F2B0D33061BE}.Debug|Any CPU.Build.0 = Debug|Any CPU
		{84B11927-A87E-4F6C-B175-F2B0D33061BE}.Release|Any CPU.ActiveCfg = Release|Any CPU
		{84B11927-A87E-4F6C-B175-F2B0D33061BE}.Release|Any CPU.Build.0 = Release|Any CPU
	EndGlobalSection
	GlobalSection(SolutionProperties) = preSolution
		HideSolutionNode = FALSE
	EndGlobalSection
	GlobalSection(ExtensibilityGlobals) = postSolution
		SolutionGuid = {7629D2D1-DA27-4349-9BFD-2D3D6A0A8A69}
	EndGlobalSection
EndGlobal
